
Microsoft Visual Studio Solution File, Format Version 12.00
# Visual Studio Version 17
VisualStudioVersion = 17.5.002.0
MinimumVisualStudioVersion = 10.0.40219.1
Project("{9A19103F-16F7-4668-BE54-9A1E7A4F7556}") = "TVStationsApp", "TVStationsApp.csproj", "{447B26C8-4BF2-4D0F-82C8-227E25C76FC3}"
EndProject
Global
	GlobalSection(SolutionConfigurationPlatforms) = preSolution
		Debug|Any CPU = Debug|Any CPU
		Release|Any CPU = Release|Any CPU
	EndGlobalSection
	GlobalSection(ProjectConfigurationPlatforms) = postSolution
		{447B26C8-4BF2-4D0F-82C8-227E25C76FC3}.Debug|Any CPU.ActiveCfg = Debug|Any CPU
		{447B26C8-4BF2-4D0F-82C8-227E25C76FC3}.Debug|Any CPU.Build.0 = Debug|Any CPU
		{447B26C8-4BF2-4D0F-82C8-227E25C76FC3}.Release|Any CPU.ActiveCfg = Release|Any CPU
		{447B26C8-4BF2-4D0F-82C8-227E25C76FC3}.Release|Any CPU.Build.0 = Release|Any CPU
	EndGlobalSection
	GlobalSection(SolutionProperties) = preSolution
		HideSolutionNode = FALSE
	EndGlobalSection
	GlobalSection(ExtensibilityGlobals) = postSolution
		SolutionGuid = {DA073599-B374-40C9-9217-644118A31C7A}
	EndGlobalSection
EndGlobal
